// !$*UTF8*$!
{
	archiveVersion = 1;
	classes = {
	};
	objectVersion = 50;
	objects = {

/* Begin PBXBuildFile section */
		C03912D0213323A0003B9F30 /* AppDelegate.swift in Sources */ = {isa = PBXBuildFile; fileRef = C03912CF213323A0003B9F30 /* AppDelegate.swift */; };
		C03912D5213323A0003B9F30 /* Main.storyboard in Resources */ = {isa = PBXBuildFile; fileRef = C03912D3213323A0003B9F30 /* Main.storyboard */; };
		C03912D7213323A1003B9F30 /* Assets.xcassets in Resources */ = {isa = PBXBuildFile; fileRef = C03912D6213323A1003B9F30 /* Assets.xcassets */; };
		C03912DA213323A1003B9F30 /* LaunchScreen.storyboard in Resources */ = {isa = PBXBuildFile; fileRef = C03912D8213323A1003B9F30 /* LaunchScreen.storyboard */; };
		C03912E5213323A2003B9F30 /* HomepwnerTests.swift in Sources */ = {isa = PBXBuildFile; fileRef = C03912E4213323A1003B9F30 /* HomepwnerTests.swift */; };
		C03912F0213323A2003B9F30 /* HomepwnerUITests.swift in Sources */ = {isa = PBXBuildFile; fileRef = C03912EF213323A2003B9F30 /* HomepwnerUITests.swift */; };
		C03912FE21332512003B9F30 /* ItemsViewController.swift in Sources */ = {isa = PBXBuildFile; fileRef = C03912FD21332512003B9F30 /* ItemsViewController.swift */; };
		C03913002133261E003B9F30 /* Item.swift in Sources */ = {isa = PBXBuildFile; fileRef = C03912FF2133261E003B9F30 /* Item.swift */; };
		C0391302213337BE003B9F30 /* ItemStore.swift in Sources */ = {isa = PBXBuildFile; fileRef = C0391301213337BE003B9F30 /* ItemStore.swift */; };
/* End PBXBuildFile section */

/* Begin PBXContainerItemProxy section */
		C03912E1213323A1003B9F30 /* PBXContainerItemProxy */ = {
			isa = PBXContainerItemProxy;
			containerPortal = C03912C4213323A0003B9F30 /* Project object */;
			proxyType = 1;
			remoteGlobalIDString = C03912CB213323A0003B9F30;
			remoteInfo = Homepwner;
		};
		C03912EC213323A2003B9F30 /* PBXContainerItemProxy */ = {
			isa = PBXContainerItemProxy;
			containerPortal = C03912C4213323A0003B9F30 /* Project object */;
			proxyType = 1;
			remoteGlobalIDString = C03912CB213323A0003B9F30;
			remoteInfo = Homepwner;
		};
/* End PBXContainerItemProxy section */

/* Begin PBXFileReference section */
		C03912CC213323A0003B9F30 /* Homepwner.app */ = {isa = PBXFileReference; explicitFileType = wrapper.application; includeInIndex = 0; path = Homepwner.app; sourceTree = BUILT_PRODUCTS_DIR; };
		C03912CF213323A0003B9F30 /* AppDelegate.swift */ = {isa = PBXFileReference; lastKnownFileType = sourcecode.swift; path = AppDelegate.swift; sourceTree = "<group>"; };
		C03912D4213323A0003B9F30 /* Base */ = {isa = PBXFileReference; lastKnownFileType = file.storyboard; name = Base; path = Base.lproj/Main.storyboard; sourceTree = "<group>"; };
		C03912D6213323A1003B9F30 /* Assets.xcassets */ = {isa = PBXFileReference; lastKnownFileType = folder.assetcatalog; path = Assets.xcassets; sourceTree = "<group>"; };
		C03912D9213323A1003B9F30 /* Base */ = {isa = PBXFileReference; lastKnownFileType = file.storyboard; name = Base; path = Base.lproj/LaunchScreen.storyboard; sourceTree = "<group>"; };
		C03912DB213323A1003B9F30 /* Info.plist */ = {isa = PBXFileReference; lastKnownFileType = text.plist.xml; path = Info.plist; sourceTree = "<group>"; };
		C03912E0213323A1003B9F30 /* HomepwnerTests.xctest */ = {isa = PBXFileReference; explicitFileType = wrapper.cfbundle; includeInIndex = 0; path = HomepwnerTests.xctest; sourceTree = BUILT_PRODUCTS_DIR; };
		C03912E4213323A1003B9F30 /* HomepwnerTests.swift */ = {isa = PBXFileReference; lastKnownFileType = sourcecode.swift; path = HomepwnerTests.swift; sourceTree = "<group>"; };
		C03912E6213323A2003B9F30 /* Info.plist */ = {isa = PBXFileReference; lastKnownFileType = text.plist.xml; path = Info.plist; sourceTree = "<group>"; };
		C03912EB213323A2003B9F30 /* HomepwnerUITests.xctest */ = {isa = PBXFileReference; explicitFileType = wrapper.cfbundle; includeInIndex = 0; path = HomepwnerUITests.xctest; sourceTree = BUILT_PRODUCTS_DIR; };
		C03912EF213323A2003B9F30 /* HomepwnerUITests.swift */ = {isa = PBXFileReference; lastKnownFileType = sourcecode.swift; path = HomepwnerUITests.swift; sourceTree = "<group>"; };
		C03912F1213323A2003B9F30 /* Info.plist */ = {isa = PBXFileReference; lastKnownFileType = text.plist.xml; path = Info.plist; sourceTree = "<group>"; };
		C03912FD21332512003B9F30 /* ItemsViewController.swift */ = {isa = PBXFileReference; lastKnownFileType = sourcecode.swift; path = ItemsViewController.swift; sourceTree = "<group>"; };
		C03912FF2133261E003B9F30 /* Item.swift */ = {isa = PBXFileReference; lastKnownFileType = sourcecode.swift; path = Item.swift; sourceTree = "<group>"; };
		C0391301213337BE003B9F30 /* ItemStore.swift */ = {isa = PBXFileReference; lastKnownFileType = sourcecode.swift; path = ItemStore.swift; sourceTree = "<group>"; };
/* End PBXFileReference section */

/* Begin PBXFrameworksBuildPhase section */
		C03912C9213323A0003B9F30 /* Frameworks */ = {
			isa = PBXFrameworksBuildPhase;
			buildActionMask = 2147483647;
			files = (
			);
			runOnlyForDeploymentPostprocessing = 0;
		};
		C03912DD213323A1003B9F30 /* Frameworks */ = {
			isa = PBXFrameworksBuildPhase;
			buildActionMask = 2147483647;
			files = (
			);
			runOnlyForDeploymentPostprocessing = 0;
		};
		C03912E8213323A2003B9F30 /* Frameworks */ = {
			isa = PBXFrameworksBuildPhase;
			buildActionMask = 2147483647;
			files = (
			);
			runOnlyForDeploymentPostprocessing = 0;
		};
/* End PBXFrameworksBuildPhase section */

/* Begin PBXGroup section */
		C03912C3213323A0003B9F30 = {
			isa = PBXGroup;
			children = (
				C03912CE213323A0003B9F30 /* Homepwner */,
				C03912E3213323A1003B9F30 /* HomepwnerTests */,
				C03912EE213323A2003B9F30 /* HomepwnerUITests */,
				C03912CD213323A0003B9F30 /* Products */,
			);
			sourceTree = "<group>";
		};
		C03912CD213323A0003B9F30 /* Products */ = {
			isa = PBXGroup;
			children = (
				C03912CC213323A0003B9F30 /* Homepwner.app */,
				C03912E0213323A1003B9F30 /* HomepwnerTests.xctest */,
				C03912EB213323A2003B9F30 /* HomepwnerUITests.xctest */,
			);
			name = Products;
			sourceTree = "<group>";
		};
		C03912CE213323A0003B9F30 /* Homepwner */ = {
			isa = PBXGroup;
			children = (
				C03912CF213323A0003B9F30 /* AppDelegate.swift */,
				C03912D3213323A0003B9F30 /* Main.storyboard */,
				C03912D6213323A1003B9F30 /* Assets.xcassets */,
				C03912D8213323A1003B9F30 /* LaunchScreen.storyboard */,
				C03912DB213323A1003B9F30 /* Info.plist */,
				C03912FD21332512003B9F30 /* ItemsViewController.swift */,
				C03912FF2133261E003B9F30 /* Item.swift */,
				C0391301213337BE003B9F30 /* ItemStore.swift */,
			);
			path = Homepwner;
			sourceTree = "<group>";
		};
		C03912E3213323A1003B9F30 /* HomepwnerTests */ = {
			isa = PBXGroup;
			children = (
				C03912E4213323A1003B9F30 /* HomepwnerTests.swift */,
				C03912E6213323A2003B9F30 /* Info.plist */,
			);
			path = HomepwnerTests;
			sourceTree = "<group>";
		};
		C03912EE213323A2003B9F30 /* HomepwnerUITests */ = {
			isa = PBXGroup;
			children = (
				C03912EF213323A2003B9F30 /* HomepwnerUITests.swift */,
				C03912F1213323A2003B9F30 /* Info.plist */,
			);
			path = HomepwnerUITests;
			sourceTree = "<group>";
		};
/* End PBXGroup section */

/* Begin PBXNativeTarget section */
		C03912CB213323A0003B9F30 /* Homepwner */ = {
			isa = PBXNativeTarget;
			buildConfigurationList = C03912F4213323A2003B9F30 /* Build configuration list for PBXNativeTarget "Homepwner" */;
			buildPhases = (
				C03912C8213323A0003B9F30 /* Sources */,
				C03912C9213323A0003B9F30 /* Frameworks */,
				C03912CA213323A0003B9F30 /* Resources */,
			);
			buildRules = (
			);
			dependencies = (
			);
			name = Homepwner;
			productName = Homepwner;
			productReference = C03912CC213323A0003B9F30 /* Homepwner.app */;
			productType = "com.apple.product-type.application";
		};
		C03912DF213323A1003B9F30 /* HomepwnerTests */ = {
			isa = PBXNativeTarget;
			buildConfigurationList = C03912F7213323A2003B9F30 /* Build configuration list for PBXNativeTarget "HomepwnerTests" */;
			buildPhases = (
				C03912DC213323A1003B9F30 /* Sources */,
				C03912DD213323A1003B9F30 /* Frameworks */,
				C03912DE213323A1003B9F30 /* Resources */,
			);
			buildRules = (
			);
			dependencies = (
				C03912E2213323A1003B9F30 /* PBXTargetDependency */,
			);
			name = HomepwnerTests;
			productName = HomepwnerTests;
			productReference = C03912E0213323A1003B9F30 /* HomepwnerTests.xctest */;
			productType = "com.apple.product-type.bundle.unit-test";
		};
		C03912EA213323A2003B9F30 /* HomepwnerUITests */ = {
			isa = PBXNativeTarget;
			buildConfigurationList = C03912FA213323A2003B9F30 /* Build configuration list for PBXNativeTarget "HomepwnerUITests" */;
			buildPhases = (
				C03912E7213323A2003B9F30 /* Sources */,
				C03912E8213323A2003B9F30 /* Frameworks */,
				C03912E9213323A2003B9F30 /* Resources */,
			);
			buildRules = (
			);
			dependencies = (
				C03912ED213323A2003B9F30 /* PBXTargetDependency */,
			);
			name = HomepwnerUITests;
			productName = HomepwnerUITests;
			productReference = C03912EB213323A2003B9F30 /* HomepwnerUITests.xctest */;
			productType = "com.apple.product-type.bundle.ui-testing";
		};
/* End PBXNativeTarget section */

/* Begin PBXProject section */
		C03912C4213323A0003B9F30 /* Project object */ = {
			isa = PBXProject;
			attributes = {
				LastSwiftUpdateCheck = 0940;
				LastUpgradeCheck = 0940;
				ORGANIZATIONNAME = "Shawn Aten";
				TargetAttributes = {
					C03912CB213323A0003B9F30 = {
						CreatedOnToolsVersion = 9.4.1;
					};
					C03912DF213323A1003B9F30 = {
						CreatedOnToolsVersion = 9.4.1;
						TestTargetID = C03912CB213323A0003B9F30;
					};
					C03912EA213323A2003B9F30 = {
						CreatedOnToolsVersion = 9.4.1;
						TestTargetID = C03912CB213323A0003B9F30;
					};
				};
			};
			buildConfigurationList = C03912C7213323A0003B9F30 /* Build configuration list for PBXProject "Homepwner" */;
			compatibilityVersion = "Xcode 9.3";
			developmentRegion = en;
			hasScannedForEncodings = 0;
			knownRegions = (
				en,
				Base,
			);
			mainGroup = C03912C3213323A0003B9F30;
			productRefGroup = C03912CD213323A0003B9F30 /* Products */;
			projectDirPath = "";
			projectRoot = "";
			targets = (
				C03912CB213323A0003B9F30 /* Homepwner */,
				C03912DF213323A1003B9F30 /* HomepwnerTests */,
				C03912EA213323A2003B9F30 /* HomepwnerUITests */,
			);
		};
/* End PBXProject section */

/* Begin PBXResourcesBuildPhase section */
		C03912CA213323A0003B9F30 /* Resources */ = {
			isa = PBXResourcesBuildPhase;
			buildActionMask = 2147483647;
			files = (
				C03912DA213323A1003B9F30 /* LaunchScreen.storyboard in Resources */,
				C03912D7213323A1003B9F30 /* Assets.xcassets in Resources */,
				C03912D5213323A0003B9F30 /* Main.storyboard in Resources */,
			);
			runOnlyForDeploymentPostprocessing = 0;
		};
		C03912DE213323A1003B9F30 /* Resources */ = {
			isa = PBXResourcesBuildPhase;
			buildActionMask = 2147483647;
			files = (
			);
			runOnlyForDeploymentPostprocessing = 0;
		};
		C03912E9213323A2003B9F30 /* Resources */ = {
			isa = PBXResourcesBuildPhase;
			buildActionMask = 2147483647;
			files = (
			);
			runOnlyForDeploymentPostprocessing = 0;
		};
/* End PBXResourcesBuildPhase section */

/* Begin PBXSourcesBuildPhase section */
		C03912C8213323A0003B9F30 /* Sources */ = {
			isa = PBXSourcesBuildPhase;
			buildActionMask = 2147483647;
			files = (
				C03912FE21332512003B9F30 /* ItemsViewController.swift in Sources */,
				C03913002133261E003B9F30 /* Item.swift in Sources */,
				C0391302213337BE003B9F30 /* ItemStore.swift in Sources */,
				C03912D0213323A0003B9F30 /* AppDelegate.swift in Sources */,
			);
			runOnlyForDeploymentPostprocessing = 0;
		};
		C03912DC213323A1003B9F30 /* Sources */ = {
			isa = PBXSourcesBuildPhase;
			buildActionMask = 2147483647;
			files = (
				C03912E5213323A2003B9F30 /* HomepwnerTests.swift in Sources */,
			);
			runOnlyForDeploymentPostprocessing = 0;
		};
		C03912E7213323A2003B9F30 /* Sources */ = {
			isa = PBXSourcesBuildPhase;
			buildActionMask = 2147483647;
			files = (
				C03912F0213323A2003B9F30 /* HomepwnerUITests.swift in Sources */,
			);
			runOnlyForDeploymentPostprocessing = 0;
		};
/* End PBXSourcesBuildPhase section */

/* Begin PBXTargetDependency section */
		C03912E2213323A1003B9F30 /* PBXTargetDependency */ = {
			isa = PBXTargetDependency;
			target = C03912CB213323A0003B9F30 /* Homepwner */;
			targetProxy = C03912E1213323A1003B9F30 /* PBXContainerItemProxy */;
		};
		C03912ED213323A2003B9F30 /* PBXTargetDependency */ = {
			isa = PBXTargetDependency;
			target = C03912CB213323A0003B9F30 /* Homepwner */;
			targetProxy = C03912EC213323A2003B9F30 /* PBXContainerItemProxy */;
		};
/* End PBXTargetDependency section */

/* Begin PBXVariantGroup section */
		C03912D3213323A0003B9F30 /* Main.storyboard */ = {
			isa = PBXVariantGroup;
			children = (
				C03912D4213323A0003B9F30 /* Base */,
			);
			name = Main.storyboard;
			sourceTree = "<group>";
		};
		C03912D8213323A1003B9F30 /* LaunchScreen.storyboard */ = {
			isa = PBXVariantGroup;
			children = (
				C03912D9213323A1003B9F30 /* Base */,
			);
			name = LaunchScreen.storyboard;
			sourceTree = "<group>";
		};
/* End PBXVariantGroup section */

/* Begin XCBuildConfiguration section */
		C03912F2213323A2003B9F30 /* Debug */ = {
			isa = XCBuildConfiguration;
			buildSettings = {
				ALWAYS_SEARCH_USER_PATHS = NO;
				CLANG_ANALYZER_NONNULL = YES;
				CLANG_ANALYZER_NUMBER_OBJECT_CONVERSION = YES_AGGRESSIVE;
				CLANG_CXX_LANGUAGE_STANDARD = "gnu++14";
				CLANG_CXX_LIBRARY = "libc++";
				CLANG_ENABLE_MODULES = YES;
				CLANG_ENABLE_OBJC_ARC = YES;
				CLANG_ENABLE_OBJC_WEAK = YES;
				CLANG_WARN_BLOCK_CAPTURE_AUTORELEASING = YES;
				CLANG_WARN_BOOL_CONVERSION = YES;
				CLANG_WARN_COMMA = YES;
				CLANG_WARN_CONSTANT_CONVERSION = YES;
				CLANG_WARN_DEPRECATED_OBJC_IMPLEMENTATIONS = YES;
				CLANG_WARN_DIRECT_OBJC_ISA_USAGE = YES_ERROR;
				CLANG_WARN_DOCUMENTATION_COMMENTS = YES;
				CLANG_WARN_EMPTY_BODY = YES;
				CLANG_WARN_ENUM_CONVERSION = YES;
				CLANG_WARN_INFINITE_RECURSION = YES;
				CLANG_WARN_INT_CONVERSION = YES;
				CLANG_WARN_NON_LITERAL_NULL_CONVERSION = YES;
				CLANG_WARN_OBJC_IMPLICIT_RETAIN_SELF = YES;
				CLANG_WARN_OBJC_LITERAL_CONVERSION = YES;
				CLANG_WARN_OBJC_ROOT_CLASS = YES_ERROR;
				CLANG_WARN_RANGE_LOOP_ANALYSIS = YES;
				CLANG_WARN_STRICT_PROTOTYPES = YES;
				CLANG_WARN_SUSPICIOUS_MOVE = YES;
				CLANG_WARN_UNGUARDED_AVAILABILITY = YES_AGGRESSIVE;
				CLANG_WARN_UNREACHABLE_CODE = YES;
				CLANG_WARN__DUPLICATE_METHOD_MATCH = YES;
				CODE_SIGN_IDENTITY = "iPhone Developer";
				COPY_PHASE_STRIP = NO;
				DEBUG_INFORMATION_FORMAT = dwarf;
				ENABLE_STRICT_OBJC_MSGSEND = YES;
				ENABLE_TESTABILITY = YES;
				GCC_C_LANGUAGE_STANDARD = gnu11;
				GCC_DYNAMIC_NO_PIC = NO;
				GCC_NO_COMMON_BLOCKS = YES;
				GCC_OPTIMIZATION_LEVEL = 0;
				GCC_PREPROCESSOR_DEFINITIONS = (
					"DEBUG=1",
					"$(inherited)",
				);
				GCC_WARN_64_TO_32_BIT_CONVERSION = YES;
				GCC_WARN_ABOUT_RETURN_TYPE = YES_ERROR;
				GCC_WARN_UNDECLARED_SELECTOR = YES;
				GCC_WARN_UNINITIALIZED_AUTOS = YES_AGGRESSIVE;
				GCC_WARN_UNUSED_FUNCTION = YES;
				GCC_WARN_UNUSED_VARIABLE = YES;
				IPHONEOS_DEPLOYMENT_TARGET = 11.4;
				MTL_ENABLE_DEBUG_INFO = YES;
				ONLY_ACTIVE_ARCH = YES;
				SDKROOT = iphoneos;
				SWIFT_ACTIVE_COMPILATION_CONDITIONS = DEBUG;
				SWIFT_OPTIMIZATION_LEVEL = "-Onone";
			};
			name = Debug;
		};
		C03912F3213323A2003B9F30 /* Release */ = {
			isa = XCBuildConfiguration;
			buildSettings = {
				ALWAYS_SEARCH_USER_PATHS = NO;
				CLANG_ANALYZER_NONNULL = YES;
				CLANG_ANALYZER_NUMBER_OBJECT_CONVERSION = YES_AGGRESSIVE;
				CLANG_CXX_LANGUAGE_STANDARD = "gnu++14";
				CLANG_CXX_LIBRARY = "libc++";
				CLANG_ENABLE_MODULES = YES;
				CLANG_ENABLE_OBJC_ARC = YES;
				CLANG_ENABLE_OBJC_WEAK = YES;
				CLANG_WARN_BLOCK_CAPTURE_AUTORELEASING = YES;
				CLANG_WARN_BOOL_CONVERSION = YES;
				CLANG_WARN_COMMA = YES;
				CLANG_WARN_CONSTANT_CONVERSION = YES;
				CLANG_WARN_DEPRECATED_OBJC_IMPLEMENTATIONS = YES;
				CLANG_WARN_DIRECT_OBJC_ISA_USAGE = YES_ERROR;
				CLANG_WARN_DOCUMENTATION_COMMENTS = YES;
				CLANG_WARN_EMPTY_BODY = YES;
				CLANG_WARN_ENUM_CONVERSION = YES;
				CLANG_WARN_INFINITE_RECURSION = YES;
				CLANG_WARN_INT_CONVERSION = YES;
				CLANG_WARN_NON_LITERAL_NULL_CONVERSION = YES;
				CLANG_WARN_OBJC_IMPLICIT_RETAIN_SELF = YES;
				CLANG_WARN_OBJC_LITERAL_CONVERSION = YES;
				CLANG_WARN_OBJC_ROOT_CLASS = YES_ERROR;
				CLANG_WARN_RANGE_LOOP_ANALYSIS = YES;
				CLANG_WARN_STRICT_PROTOTYPES = YES;
				CLANG_WARN_SUSPICIOUS_MOVE = YES;
				CLANG_WARN_UNGUARDED_AVAILABILITY = YES_AGGRESSIVE;
				CLANG_WARN_UNREACHABLE_CODE = YES;
				CLANG_WARN__DUPLICATE_METHOD_MATCH = YES;
				CODE_SIGN_IDENTITY = "iPhone Developer";
				COPY_PHASE_STRIP = NO;
				DEBUG_INFORMATION_FORMAT = "dwarf-with-dsym";
				ENABLE_NS_ASSERTIONS = NO;
				ENABLE_STRICT_OBJC_MSGSEND = YES;
				GCC_C_LANGUAGE_STANDARD = gnu11;
				GCC_NO_COMMON_BLOCKS = YES;
				GCC_WARN_64_TO_32_BIT_CONVERSION = YES;
				GCC_WARN_ABOUT_RETURN_TYPE = YES_ERROR;
				GCC_WARN_UNDECLARED_SELECTOR = YES;
				GCC_WARN_UNINITIALIZED_AUTOS = YES_AGGRESSIVE;
				GCC_WARN_UNUSED_FUNCTION = YES;
				GCC_WARN_UNUSED_VARIABLE = YES;
				IPHONEOS_DEPLOYMENT_TARGET = 11.4;
				MTL_ENABLE_DEBUG_INFO = NO;
				SDKROOT = iphoneos;
				SWIFT_COMPILATION_MODE = wholemodule;
				SWIFT_OPTIMIZATION_LEVEL = "-O";
				VALIDATE_PRODUCT = YES;
			};
			name = Release;
		};
		C03912F5213323A2003B9F30 /* Debug */ = {
			isa = XCBuildConfiguration;
			buildSettings = {
				ASSETCATALOG_COMPILER_APPICON_NAME = AppIcon;
				CODE_SIGN_STYLE = Automatic;
				DEVELOPMENT_TEAM = Q34497X8A4;
				INFOPLIST_FILE = Homepwner/Info.plist;
				LD_RUNPATH_SEARCH_PATHS = (
					"$(inherited)",
					"@executable_path/Frameworks",
				);
				PRODUCT_BUNDLE_IDENTIFIER = site.shawnmaten.Homepwner;
				PRODUCT_NAME = "$(TARGET_NAME)";
				SWIFT_VERSION = 4.0;
				TARGETED_DEVICE_FAMILY = "1,2";
			};
			name = Debug;
		};
		C03912F6213323A2003B9F30 /* Release */ = {
			isa = XCBuildConfiguration;
			buildSettings = {
				ASSETCATALOG_COMPILER_APPICON_NAME = AppIcon;
				CODE_SIGN_STYLE = Automatic;
				DEVELOPMENT_TEAM = Q34497X8A4;
				INFOPLIST_FILE = Homepwner/Info.plist;
				LD_RUNPATH_SEARCH_PATHS = (
					"$(inherited)",
					"@executable_path/Frameworks",
				);
				PRODUCT_BUNDLE_IDENTIFIER = site.shawnmaten.Homepwner;
				PRODUCT_NAME = "$(TARGET_NAME)";
				SWIFT_VERSION = 4.0;
				TARGETED_DEVICE_FAMILY = "1,2";
			};
			name = Release;
		};
		C03912F8213323A2003B9F30 /* Debug */ = {
			isa = XCBuildConfiguration;
			buildSettings = {
				ALWAYS_EMBED_SWIFT_STANDARD_LIBRARIES = YES;
				BUNDLE_LOADER = "$(TEST_HOST)";
				CODE_SIGN_STYLE = Automatic;
				DEVELOPMENT_TEAM = Q34497X8A4;
				INFOPLIST_FILE = HomepwnerTests/Info.plist;
				LD_RUNPATH_SEARCH_PATHS = (
					"$(inherited)",
					"@executable_path/Frameworks",
					"@loader_path/Frameworks",
				);
				PRODUCT_BUNDLE_IDENTIFIER = site.shawnmaten.HomepwnerTests;
				PRODUCT_NAME = "$(TARGET_NAME)";
				SWIFT_VERSION = 4.0;
				TARGETED_DEVICE_FAMILY = "1,2";
				TEST_HOST = "$(BUILT_PRODUCTS_DIR)/Homepwner.app/Homepwner";
			};
			name = Debug;
		};
		C03912F9213323A2003B9F30 /* Release */ = {
			isa = XCBuildConfiguration;
			buildSettings = {
				ALWAYS_EMBED_SWIFT_STANDARD_LIBRARIES = YES;
				BUNDLE_LOADER = "$(TEST_HOST)";
				CODE_SIGN_STYLE = Automatic;
				DEVELOPMENT_TEAM = Q34497X8A4;
				INFOPLIST_FILE = HomepwnerTests/Info.plist;
				LD_RUNPATH_SEARCH_PATHS = (
					"$(inherited)",
					"@executable_path/Frameworks",
					"@loader_path/Frameworks",
				);
				PRODUCT_BUNDLE_IDENTIFIER = site.shawnmaten.HomepwnerTests;
				PRODUCT_NAME = "$(TARGET_NAME)";
				SWIFT_VERSION = 4.0;
				TARGETED_DEVICE_FAMILY = "1,2";
				TEST_HOST = "$(BUILT_PRODUCTS_DIR)/Homepwner.app/Homepwner";
			};
			name = Release;
		};
		C03912FB213323A2003B9F30 /* Debug */ = {
			isa = XCBuildConfiguration;
			buildSettings = {
				ALWAYS_EMBED_SWIFT_STANDARD_LIBRARIES = YES;
				CODE_SIGN_STYLE = Automatic;
				DEVELOPMENT_TEAM = Q34497X8A4;
				INFOPLIST_FILE = HomepwnerUITests/Info.plist;
				LD_RUNPATH_SEARCH_PATHS = (
					"$(inherited)",
					"@executable_path/Frameworks",
					"@loader_path/Frameworks",
				);
				PRODUCT_BUNDLE_IDENTIFIER = site.shawnmaten.HomepwnerUITests;
				PRODUCT_NAME = "$(TARGET_NAME)";
				SWIFT_VERSION = 4.0;
				TARGETED_DEVICE_FAMILY = "1,2";
				TEST_TARGET_NAME = Homepwner;
			};
			name = Debug;
		};
		C03912FC213323A2003B9F30 /* Release */ = {
			isa = XCBuildConfiguration;
			buildSettings = {
				ALWAYS_EMBED_SWIFT_STANDARD_LIBRARIES = YES;
				CODE_SIGN_STYLE = Automatic;
				DEVELOPMENT_TEAM = Q34497X8A4;
				INFOPLIST_FILE = HomepwnerUITests/Info.plist;
				LD_RUNPATH_SEARCH_PATHS = (
					"$(inherited)",
					"@executable_path/Frameworks",
					"@loader_path/Frameworks",
				);
				PRODUCT_BUNDLE_IDENTIFIER = site.shawnmaten.HomepwnerUITests;
				PRODUCT_NAME = "$(TARGET_NAME)";
				SWIFT_VERSION = 4.0;
				TARGETED_DEVICE_FAMILY = "1,2";
				TEST_TARGET_NAME = Homepwner;
			};
			name = Release;
		};
/* End XCBuildConfiguration section */

/* Begin XCConfigurationList section */
		C03912C7213323A0003B9F30 /* Build configuration list for PBXProject "Homepwner" */ = {
			isa = XCConfigurationList;
			buildConfigurations = (
				C03912F2213323A2003B9F30 /* Debug */,
				C03912F3213323A2003B9F30 /* Release */,
			);
			defaultConfigurationIsVisible = 0;
			defaultConfigurationName = Release;
		};
		C03912F4213323A2003B9F30 /* Build configuration list for PBXNativeTarget "Homepwner" */ = {
			isa = XCConfigurationList;
			buildConfigurations = (
				C03912F5213323A2003B9F30 /* Debug */,
				C03912F6213323A2003B9F30 /* Release */,
			);
			defaultConfigurationIsVisible = 0;
			defaultConfigurationName = Release;
		};
		C03912F7213323A2003B9F30 /* Build configuration list for PBXNativeTarget "HomepwnerTests" */ = {
			isa = XCConfigurationList;
			buildConfigurations = (
				C03912F8213323A2003B9F30 /* Debug */,
				C03912F9213323A2003B9F30 /* Release */,
			);
			defaultConfigurationIsVisible = 0;
			defaultConfigurationName = Release;
		};
		C03912FA213323A2003B9F30 /* Build configuration list for PBXNativeTarget "HomepwnerUITests" */ = {
			isa = XCConfigurationList;
			buildConfigurations = (
				C03912FB213323A2003B9F30 /* Debug */,
				C03912FC213323A2003B9F30 /* Release */,
			);
			defaultConfigurationIsVisible = 0;
			defaultConfigurationName = Release;
		};
/* End XCConfigurationList section */
	};
	rootObject = C03912C4213323A0003B9F30 /* Project object */;
}
